Microsoft Visual Studio Solution File, Format Version 12.00
# Visual Studio Version 17
VisualStudioVersion = 17.0.31903.59
MinimumVisualStudioVersion = 10.0.40219.1
Project("{FAE04EC0-301F-11D3-BF4B-00C04F79EFBC}") = "FlowDesk.Abstractions", "src\FlowDesk.Abstractions\FlowDesk.Abstractions.csproj", "{54F9AD96-58B9-4E22-92DC-3E4D0F5D8BA0}"
EndProject
Project("{FAE04EC0-301F-11D3-BF4B-00C04F79EFBC}") = "FlowDesk.Core", "src\FlowDesk.Core\FlowDesk.Core.csproj", "{9842B957-D498-4897-81DA-BD629FE9EAA1}"
EndProject
Project("{FAE04EC0-301F-11D3-BF4B-00C04F79EFBC}") = "FlowDesk.SamplePlugin", "src\FlowDesk.SamplePlugin\FlowDesk.SamplePlugin.csproj", "{8AA7C499-F709-4827-AAB4-AE8144F62335}"
EndProject
Project("{FAE04EC0-301F-11D3-BF4B-00C04F79EFBC}") = "FlowDesk.App", "src\FlowDesk.App\FlowDesk.App.csproj", "{761CCB8F-52FE-4506-A7F3-FA00335D59E1}"
EndProject
Project("{FAE04EC0-301F-11D3-BF4B-00C04F79EFBC}") = "FlowDesk.Core.Tests", "tests\FlowDesk.Core.Tests\FlowDesk.Core.Tests.csproj", "{9CC2A278-F9DF-4805-9489-6EB0B5EC2F66}"
EndProject
Project("{2150E333-8FDC-42A3-9474-1A3956D46DE8}") = "src", "src", "{F2793A05-0293-4BEF-ADEB-8AB8BE157561}"
EndProject
Project("{FAE04EC0-301F-11D3-BF4B-00C04F79EFBC}") = "FlowDesk.UI", "src\FlowDesk.UI\FlowDesk.UI.csproj", "{9846273F-6EE6-43D9-B3D0-0203705A586E}"
EndProject
Global
	GlobalSection(SolutionConfigurationPlatforms) = preSolution
		Debug|Any CPU = Debug|Any CPU
		Release|Any CPU = Release|Any CPU
	EndGlobalSection
	GlobalSection(ProjectConfigurationPlatforms) = postSolution
		{54F9AD96-58B9-4E22-92DC-3E4D0F5D8BA0}.Debug|Any CPU.ActiveCfg = Debug|Any CPU
		{54F9AD96-58B9-4E22-92DC-3E4D0F5D8BA0}.Debug|Any CPU.Build.0 = Debug|Any CPU
		{54F9AD96-58B9-4E22-92DC-3E4D0F5D8BA0}.Release|Any CPU.ActiveCfg = Release|Any CPU
		{54F9AD96-58B9-4E22-92DC-3E4D0F5D8BA0}.Release|Any CPU.Build.0 = Release|Any CPU
		{9842B957-D498-4897-81DA-BD629FE9EAA1}.Debug|Any CPU.ActiveCfg = Debug|Any CPU
		{9842B957-D498-4897-81DA-BD629FE9EAA1}.Debug|Any CPU.Build.0 = Debug|Any CPU
		{9842B957-D498-4897-81DA-BD629FE9EAA1}.Release|Any CPU.ActiveCfg = Release|Any CPU
		{9842B957-D498-4897-81DA-BD629FE9EAA1}.Release|Any CPU.Build.0 = Release|Any CPU
		{8AA7C499-F709-4827-AAB4-AE8144F62335}.Debug|Any CPU.ActiveCfg = Debug|Any CPU
		{8AA7C499-F709-4827-AAB4-AE8144F62335}.Debug|Any CPU.Build.0 = Debug|Any CPU
		{8AA7C499-F709-4827-AAB4-AE8144F62335}.Release|Any CPU.ActiveCfg = Release|Any CPU
		{8AA7C499-F709-4827-AAB4-AE8144F62335}.Release|Any CPU.Build.0 = Release|Any CPU
		{761CCB8F-52FE-4506-A7F3-FA00335D59E1}.Debug|Any CPU.ActiveCfg = Debug|Any CPU
		{761CCB8F-52FE-4506-A7F3-FA00335D59E1}.Debug|Any CPU.Build.0 = Debug|Any CPU
		{761CCB8F-52FE-4506-A7F3-FA00335D59E1}.Release|Any CPU.ActiveCfg = Release|Any CPU
		{761CCB8F-52FE-4506-A7F3-FA00335D59E1}.Release|Any CPU.Build.0 = Release|Any CPU
		{9CC2A278-F9DF-4805-9489-6EB0B5EC2F66}.Debug|Any CPU.ActiveCfg = Debug|Any CPU
		{9CC2A278-F9DF-4805-9489-6EB0B5EC2F66}.Debug|Any CPU.Build.0 = Debug|Any CPU
		{9CC2A278-F9DF-4805-9489-6EB0B5EC2F66}.Release|Any CPU.ActiveCfg = Release|Any CPU
		{9CC2A278-F9DF-4805-9489-6EB0B5EC2F66}.Release|Any CPU.Build.0 = Release|Any CPU
		{9846273F-6EE6-43D9-B3D0-0203705A586E}.Debug|Any CPU.ActiveCfg = Debug|Any CPU
		{9846273F-6EE6-43D9-B3D0-0203705A586E}.Debug|Any CPU.Build.0 = Debug|Any CPU
		{9846273F-6EE6-43D9-B3D0-0203705A586E}.Release|Any CPU.ActiveCfg = Release|Any CPU
		{9846273F-6EE6-43D9-B3D0-0203705A586E}.Release|Any CPU.Build.0 = Release|Any CPU
	EndGlobalSection
	GlobalSection(SolutionProperties) = preSolution
		HideSolutionNode = FALSE
	EndGlobalSection
	GlobalSection(NestedProjects) = preSolution
		{9846273F-6EE6-43D9-B3D0-0203705A586E} = {F2793A05-0293-4BEF-ADEB-8AB8BE157561}
	EndGlobalSection
EndGlobal
